// !$*UTF8*$!
{
	archiveVersion = 1;
	classes = {
	};
	objectVersion = 50;
	objects = {

/* Begin PBXBuildFile section */
		5227A6FA28099D3100C74E66 /* AppDelegate.swift in Sources */ = {isa = PBXBuildFile; fileRef = 5227A6F928099D3100C74E66 /* AppDelegate.swift */; };
		5227A6FC28099D3100C74E66 /* SceneDelegate.swift in Sources */ = {isa = PBXBuildFile; fileRef = 5227A6FB28099D3100C74E66 /* SceneDelegate.swift */; };
		5227A6FE28099D3100C74E66 /* MainViewController.swift in Sources */ = {isa = PBXBuildFile; fileRef = 5227A6FD28099D3100C74E66 /* MainViewController.swift */; };
		5227A70128099D3100C74E66 /* Main.storyboard in Resources */ = {isa = PBXBuildFile; fileRef = 5227A6FF28099D3100C74E66 /* Main.storyboard */; };
		5227A70328099D3400C74E66 /* Assets.xcassets in Resources */ = {isa = PBXBuildFile; fileRef = 5227A70228099D3400C74E66 /* Assets.xcassets */; };
		5227A70628099D3400C74E66 /* LaunchScreen.storyboard in Resources */ = {isa = PBXBuildFile; fileRef = 5227A70428099D3400C74E66 /* LaunchScreen.storyboard */; };
		524907F028103AE600D95939 /* GroupTableViewCell.swift in Sources */ = {isa = PBXBuildFile; fileRef = 524907EF28103AE600D95939 /* GroupTableViewCell.swift */; };
		528EDED72812CBF40009D0FD /* GroupDetailsTableViewController.swift in Sources */ = {isa = PBXBuildFile; fileRef = 528EDED62812CBF40009D0FD /* GroupDetailsTableViewController.swift */; };
		528EDEDA2812CE120009D0FD /* ChecklistsItem.swift in Sources */ = {isa = PBXBuildFile; fileRef = 528EDED92812CE120009D0FD /* ChecklistsItem.swift */; };
		528EDEDD2812DEA20009D0FD /* ItemsTableViewCell.swift in Sources */ = {isa = PBXBuildFile; fileRef = 528EDEDC2812DEA20009D0FD /* ItemsTableViewCell.swift */; };
		5295386F280D92F400044A59 /* ChecklistGroup.swift in Sources */ = {isa = PBXBuildFile; fileRef = 5295386E280D92F400044A59 /* ChecklistGroup.swift */; };
/* End PBXBuildFile section */

/* Begin PBXFileReference section */
		5227A6F928099D3100C74E66 /* AppDelegate.swift */ = {isa = PBXFileReference; lastKnownFileType = sourcecode.swift; path = AppDelegate.swift; sourceTree = "<group>"; };
		5227A6FB28099D3100C74E66 /* SceneDelegate.swift */ = {isa = PBXFileReference; lastKnownFileType = sourcecode.swift; path = SceneDelegate.swift; sourceTree = "<group>"; };
		5227A6FD28099D3100C74E66 /* MainViewController.swift */ = {isa = PBXFileReference; lastKnownFileType = sourcecode.swift; path = MainViewController.swift; sourceTree = "<group>"; };
		5227A70028099D3100C74E66 /* Base */ = {isa = PBXFileReference; lastKnownFileType = file.storyboard; name = Base; path = Base.lproj/Main.storyboard; sourceTree = "<group>"; };
		5227A70228099D3400C74E66 /* Assets.xcassets */ = {isa = PBXFileReference; lastKnownFileType = folder.assetcatalog; path = Assets.xcassets; sourceTree = "<group>"; };
		5227A70528099D3400C74E66 /* Base */ = {isa = PBXFileReference; lastKnownFileType = file.storyboard; name = Base; path = Base.lproj/LaunchScreen.storyboard; sourceTree = "<group>"; };
		5227A70728099D3400C74E66 /* Info.plist */ = {isa = PBXFileReference; lastKnownFileType = text.plist.xml; path = Info.plist; sourceTree = "<group>"; };
		524907E9281031EE00D95939 /* Checklists.app */ = {isa = PBXFileReference; explicitFileType = wrapper.application; includeInIndex = 0; name = Checklists.app; path = "/Users/macbookpro/Desktop/ios-kurs/Checklists/build/Debug-iphoneos/Checklists.app"; sourceTree = "<absolute>"; };
		524907EF28103AE600D95939 /* GroupTableViewCell.swift */ = {isa = PBXFileReference; lastKnownFileType = sourcecode.swift; path = GroupTableViewCell.swift; sourceTree = "<group>"; };
		528EDED62812CBF40009D0FD /* GroupDetailsTableViewController.swift */ = {isa = PBXFileReference; lastKnownFileType = sourcecode.swift; path = GroupDetailsTableViewController.swift; sourceTree = "<group>"; };
		528EDED92812CE120009D0FD /* ChecklistsItem.swift */ = {isa = PBXFileReference; lastKnownFileType = sourcecode.swift; path = ChecklistsItem.swift; sourceTree = "<group>"; };
		528EDEDC2812DEA20009D0FD /* ItemsTableViewCell.swift */ = {isa = PBXFileReference; lastKnownFileType = sourcecode.swift; path = ItemsTableViewCell.swift; sourceTree = "<group>"; };
		5295386E280D92F400044A59 /* ChecklistGroup.swift */ = {isa = PBXFileReference; lastKnownFileType = sourcecode.swift; path = ChecklistGroup.swift; sourceTree = "<group>"; };
/* End PBXFileReference section */

/* Begin PBXFrameworksBuildPhase section */
		5227A6F328099D3100C74E66 /* Frameworks */ = {
			isa = PBXFrameworksBuildPhase;
			buildActionMask = 2147483647;
			files = (
			);
			runOnlyForDeploymentPostprocessing = 0;
		};
/* End PBXFrameworksBuildPhase section */

/* Begin PBXGroup section */
		5227A6ED28099D3100C74E66 = {
			isa = PBXGroup;
			children = (
				5227A6F828099D3100C74E66 /* Checklists */,
			);
			sourceTree = "<group>";
		};
		5227A6F828099D3100C74E66 /* Checklists */ = {
			isa = PBXGroup;
			children = (
				528EDED22812C8D90009D0FD /* Controllers */,
				524907EE28103AC500D95939 /* Cells */,
				52953862280D922D00044A59 /* Models */,
				5227A6F928099D3100C74E66 /* AppDelegate.swift */,
				5227A6FB28099D3100C74E66 /* SceneDelegate.swift */,
				5227A6FF28099D3100C74E66 /* Main.storyboard */,
				5227A70228099D3400C74E66 /* Assets.xcassets */,
				5227A70428099D3400C74E66 /* LaunchScreen.storyboard */,
				5227A70728099D3400C74E66 /* Info.plist */,
			);
			path = Checklists;
			sourceTree = "<group>";
		};
		524907EE28103AC500D95939 /* Cells */ = {
			isa = PBXGroup;
			children = (
				524907EF28103AE600D95939 /* GroupTableViewCell.swift */,
				528EDEDC2812DEA20009D0FD /* ItemsTableViewCell.swift */,
			);
			path = Cells;
			sourceTree = "<group>";
		};
		528EDED22812C8D90009D0FD /* Controllers */ = {
			isa = PBXGroup;
			children = (
				5227A6FD28099D3100C74E66 /* MainViewController.swift */,
				528EDED62812CBF40009D0FD /* GroupDetailsTableViewController.swift */,
			);
			path = Controllers;
			sourceTree = "<group>";
		};
		52953862280D922D00044A59 /* Models */ = {
			isa = PBXGroup;
			children = (
				5295386E280D92F400044A59 /* ChecklistGroup.swift */,
				528EDED92812CE120009D0FD /* ChecklistsItem.swift */,
			);
			path = Models;
			sourceTree = "<group>";
		};
/* End PBXGroup section */

/* Begin PBXNativeTarget section */
		5227A6F528099D3100C74E66 /* Checklists */ = {
			isa = PBXNativeTarget;
			buildConfigurationList = 5227A70A28099D3400C74E66 /* Build configuration list for PBXNativeTarget "Checklists" */;
			buildPhases = (
				5227A6F228099D3100C74E66 /* Sources */,
				5227A6F328099D3100C74E66 /* Frameworks */,
				5227A6F428099D3100C74E66 /* Resources */,
			);
			buildRules = (
			);
			dependencies = (
			);
			name = Checklists;
			productName = Checklists;
			productReference = 524907E9281031EE00D95939 /* Checklists.app */;
			productType = "com.apple.product-type.application";
		};
/* End PBXNativeTarget section */

/* Begin PBXProject section */
		5227A6EE28099D3100C74E66 /* Project object */ = {
			isa = PBXProject;
			attributes = {
				LastSwiftUpdateCheck = 1240;
				LastUpgradeCheck = 1240;
				TargetAttributes = {
					5227A6F528099D3100C74E66 = {
						CreatedOnToolsVersion = 12.4;
					};
				};
			};
			buildConfigurationList = 5227A6F128099D3100C74E66 /* Build configuration list for PBXProject "Checklists" */;
			compatibilityVersion = "Xcode 9.3";
			developmentRegion = en;
			hasScannedForEncodings = 0;
			knownRegions = (
				en,
				Base,
			);
			mainGroup = 5227A6ED28099D3100C74E66;
			productRefGroup = 5227A6ED28099D3100C74E66;
			projectDirPath = "";
			projectRoot = "";
			targets = (
				5227A6F528099D3100C74E66 /* Checklists */,
			);
		};
/* End PBXProject section */

/* Begin PBXResourcesBuildPhase section */
		5227A6F428099D3100C74E66 /* Resources */ = {
			isa = PBXResourcesBuildPhase;
			buildActionMask = 2147483647;
			files = (
				5227A70628099D3400C74E66 /* LaunchScreen.storyboard in Resources */,
				5227A70328099D3400C74E66 /* Assets.xcassets in Resources */,
				5227A70128099D3100C74E66 /* Main.storyboard in Resources */,
			);
			runOnlyForDeploymentPostprocessing = 0;
		};
/* End PBXResourcesBuildPhase section */

/* Begin PBXSourcesBuildPhase section */
		5227A6F228099D3100C74E66 /* Sources */ = {
			isa = PBXSourcesBuildPhase;
			buildActionMask = 2147483647;
			files = (
				528EDEDD2812DEA20009D0FD /* ItemsTableViewCell.swift in Sources */,
				524907F028103AE600D95939 /* GroupTableViewCell.swift in Sources */,
				5227A6FE28099D3100C74E66 /* MainViewController.swift in Sources */,
				528EDED72812CBF40009D0FD /* GroupDetailsTableViewController.swift in Sources */,
				5227A6FA28099D3100C74E66 /* AppDelegate.swift in Sources */,
				528EDEDA2812CE120009D0FD /* ChecklistsItem.swift in Sources */,
				5295386F280D92F400044A59 /* ChecklistGroup.swift in Sources */,
				5227A6FC28099D3100C74E66 /* SceneDelegate.swift in Sources */,
			);
			runOnlyForDeploymentPostprocessing = 0;
		};
/* End PBXSourcesBuildPhase section */

/* Begin PBXVariantGroup section */
		5227A6FF28099D3100C74E66 /* Main.storyboard */ = {
			isa = PBXVariantGroup;
			children = (
				5227A70028099D3100C74E66 /* Base */,
			);
			name = Main.storyboard;
			sourceTree = "<group>";
		};
		5227A70428099D3400C74E66 /* LaunchScreen.storyboard */ = {
			isa = PBXVariantGroup;
			children = (
				5227A70528099D3400C74E66 /* Base */,
			);
			name = LaunchScreen.storyboard;
			sourceTree = "<group>";
		};
/* End PBXVariantGroup section */

/* Begin XCBuildConfiguration section */
		5227A70828099D3400C74E66 /* Debug */ = {
			isa = XCBuildConfiguration;
			buildSettings = {
				ALWAYS_SEARCH_USER_PATHS = NO;
				CLANG_ANALYZER_NONNULL = YES;
				CLANG_ANALYZER_NUMBER_OBJECT_CONVERSION = YES_AGGRESSIVE;
				CLANG_CXX_LANGUAGE_STANDARD = "gnu++14";
				CLANG_CXX_LIBRARY = "libc++";
				CLANG_ENABLE_MODULES = YES;
				CLANG_ENABLE_OBJC_ARC = YES;
				CLANG_ENABLE_OBJC_WEAK = YES;
				CLANG_WARN_BLOCK_CAPTURE_AUTORELEASING = YES;
				CLANG_WARN_BOOL_CONVERSION = YES;
				CLANG_WARN_COMMA = YES;
				CLANG_WARN_CONSTANT_CONVERSION = YES;
				CLANG_WARN_DEPRECATED_OBJC_IMPLEMENTATIONS = YES;
				CLANG_WARN_DIRECT_OBJC_ISA_USAGE = YES_ERROR;
				CLANG_WARN_DOCUMENTATION_COMMENTS = YES;
				CLANG_WARN_EMPTY_BODY = YES;
				CLANG_WARN_ENUM_CONVERSION = YES;
				CLANG_WARN_INFINITE_RECURSION = YES;
				CLANG_WARN_INT_CONVERSION = YES;
				CLANG_WARN_NON_LITERAL_NULL_CONVERSION = YES;
				CLANG_WARN_OBJC_IMPLICIT_RETAIN_SELF = YES;
				CLANG_WARN_OBJC_LITERAL_CONVERSION = YES;
				CLANG_WARN_OBJC_ROOT_CLASS = YES_ERROR;
				CLANG_WARN_QUOTED_INCLUDE_IN_FRAMEWORK_HEADER = YES;
				CLANG_WARN_RANGE_LOOP_ANALYSIS = YES;
				CLANG_WARN_STRICT_PROTOTYPES = YES;
				CLANG_WARN_SUSPICIOUS_MOVE = YES;
				CLANG_WARN_UNGUARDED_AVAILABILITY = YES_AGGRESSIVE;
				CLANG_WARN_UNREACHABLE_CODE = YES;
				CLANG_WARN__DUPLICATE_METHOD_MATCH = YES;
				COPY_PHASE_STRIP = NO;
				DEBUG_INFORMATION_FORMAT = dwarf;
				ENABLE_STRICT_OBJC_MSGSEND = YES;
				ENABLE_TESTABILITY = YES;
				GCC_C_LANGUAGE_STANDARD = gnu11;
				GCC_DYNAMIC_NO_PIC = NO;
				GCC_NO_COMMON_BLOCKS = YES;
				GCC_OPTIMIZATION_LEVEL = 0;
				GCC_PREPROCESSOR_DEFINITIONS = (
					"DEBUG=1",
					"$(inherited)",
				);
				GCC_WARN_64_TO_32_BIT_CONVERSION = YES;
				GCC_WARN_ABOUT_RETURN_TYPE = YES_ERROR;
				GCC_WARN_UNDECLARED_SELECTOR = YES;
				GCC_WARN_UNINITIALIZED_AUTOS = YES_AGGRESSIVE;
				GCC_WARN_UNUSED_FUNCTION = YES;
				GCC_WARN_UNUSED_VARIABLE = YES;
				IPHONEOS_DEPLOYMENT_TARGET = 14.4;
				MTL_ENABLE_DEBUG_INFO = INCLUDE_SOURCE;
				MTL_FAST_MATH = YES;
				ONLY_ACTIVE_ARCH = YES;
				SDKROOT = iphoneos;
				SWIFT_ACTIVE_COMPILATION_CONDITIONS = DEBUG;
				SWIFT_OPTIMIZATION_LEVEL = "-Onone";
			};
			name = Debug;
		};
		5227A70928099D3400C74E66 /* Release */ = {
			isa = XCBuildConfiguration;
			buildSettings = {
				ALWAYS_SEARCH_USER_PATHS = NO;
				CLANG_ANALYZER_NONNULL = YES;
				CLANG_ANALYZER_NUMBER_OBJECT_CONVERSION = YES_AGGRESSIVE;
				CLANG_CXX_LANGUAGE_STANDARD = "gnu++14";
				CLANG_CXX_LIBRARY = "libc++";
				CLANG_ENABLE_MODULES = YES;
				CLANG_ENABLE_OBJC_ARC = YES;
				CLANG_ENABLE_OBJC_WEAK = YES;
				CLANG_WARN_BLOCK_CAPTURE_AUTORELEASING = YES;
				CLANG_WARN_BOOL_CONVERSION = YES;
				CLANG_WARN_COMMA = YES;
				CLANG_WARN_CONSTANT_CONVERSION = YES;
				CLANG_WARN_DEPRECATED_OBJC_IMPLEMENTATIONS = YES;
				CLANG_WARN_DIRECT_OBJC_ISA_USAGE = YES_ERROR;
				CLANG_WARN_DOCUMENTATION_COMMENTS = YES;
				CLANG_WARN_EMPTY_BODY = YES;
				CLANG_WARN_ENUM_CONVERSION = YES;
				CLANG_WARN_INFINITE_RECURSION = YES;
				CLANG_WARN_INT_CONVERSION = YES;
				CLANG_WARN_NON_LITERAL_NULL_CONVERSION = YES;
				CLANG_WARN_OBJC_IMPLICIT_RETAIN_SELF = YES;
				CLANG_WARN_OBJC_LITERAL_CONVERSION = YES;
				CLANG_WARN_OBJC_ROOT_CLASS = YES_ERROR;
				CLANG_WARN_QUOTED_INCLUDE_IN_FRAMEWORK_HEADER = YES;
				CLANG_WARN_RANGE_LOOP_ANALYSIS = YES;
				CLANG_WARN_STRICT_PROTOTYPES = YES;
				CLANG_WARN_SUSPICIOUS_MOVE = YES;
				CLANG_WARN_UNGUARDED_AVAILABILITY = YES_AGGRESSIVE;
				CLANG_WARN_UNREACHABLE_CODE = YES;
				CLANG_WARN__DUPLICATE_METHOD_MATCH = YES;
				COPY_PHASE_STRIP = NO;
				DEBUG_INFORMATION_FORMAT = "dwarf-with-dsym";
				ENABLE_NS_ASSERTIONS = NO;
				ENABLE_STRICT_OBJC_MSGSEND = YES;
				GCC_C_LANGUAGE_STANDARD = gnu11;
				GCC_NO_COMMON_BLOCKS = YES;
				GCC_WARN_64_TO_32_BIT_CONVERSION = YES;
				GCC_WARN_ABOUT_RETURN_TYPE = YES_ERROR;
				GCC_WARN_UNDECLARED_SELECTOR = YES;
				GCC_WARN_UNINITIALIZED_AUTOS = YES_AGGRESSIVE;
				GCC_WARN_UNUSED_FUNCTION = YES;
				GCC_WARN_UNUSED_VARIABLE = YES;
				IPHONEOS_DEPLOYMENT_TARGET = 14.4;
				MTL_ENABLE_DEBUG_INFO = NO;
				MTL_FAST_MATH = YES;
				SDKROOT = iphoneos;
				SWIFT_COMPILATION_MODE = wholemodule;
				SWIFT_OPTIMIZATION_LEVEL = "-O";
				VALIDATE_PRODUCT = YES;
			};
			name = Release;
		};
		5227A70B28099D3400C74E66 /* Debug */ = {
			isa = XCBuildConfiguration;
			buildSettings = {
				ASSETCATALOG_COMPILER_APPICON_NAME = AppIcon;
				ASSETCATALOG_COMPILER_GLOBAL_ACCENT_COLOR_NAME = AccentColor;
				CODE_SIGN_STYLE = Automatic;
				INFOPLIST_FILE = Checklists/Info.plist;
				LD_RUNPATH_SEARCH_PATHS = (
					"$(inherited)",
					"@executable_path/Frameworks",
				);
				PRODUCT_BUNDLE_IDENTIFIER = zarrin01.Checklists;
				PRODUCT_NAME = "$(TARGET_NAME)";
				SWIFT_VERSION = 5.0;
				TARGETED_DEVICE_FAMILY = 1;
			};
			name = Debug;
		};
		5227A70C28099D3400C74E66 /* Release */ = {
			isa = XCBuildConfiguration;
			buildSettings = {
				ASSETCATALOG_COMPILER_APPICON_NAME = AppIcon;
				ASSETCATALOG_COMPILER_GLOBAL_ACCENT_COLOR_NAME = AccentColor;
				CODE_SIGN_STYLE = Automatic;
				INFOPLIST_FILE = Checklists/Info.plist;
				LD_RUNPATH_SEARCH_PATHS = (
					"$(inherited)",
					"@executable_path/Frameworks",
				);
				PRODUCT_BUNDLE_IDENTIFIER = zarrin01.Checklists;
				PRODUCT_NAME = "$(TARGET_NAME)";
				SWIFT_VERSION = 5.0;
				TARGETED_DEVICE_FAMILY = 1;
			};
			name = Release;
		};
/* End XCBuildConfiguration section */

/* Begin XCConfigurationList section */
		5227A6F128099D3100C74E66 /* Build configuration list for PBXProject "Checklists" */ = {
			isa = XCConfigurationList;
			buildConfigurations = (
				5227A70828099D3400C74E66 /* Debug */,
				5227A70928099D3400C74E66 /* Release */,
			);
			defaultConfigurationIsVisible = 0;
			defaultConfigurationName = Release;
		};
		5227A70A28099D3400C74E66 /* Build configuration list for PBXNativeTarget "Checklists" */ = {
			isa = XCConfigurationList;
			buildConfigurations = (
				5227A70B28099D3400C74E66 /* Debug */,
				5227A70C28099D3400C74E66 /* Release */,
			);
			defaultConfigurationIsVisible = 0;
			defaultConfigurationName = Release;
		};
/* End XCConfigurationList section */
	};
	rootObject = 5227A6EE28099D3100C74E66 /* Project object */;
}
